{
  "R": {
    "Version": "4.0.3",
    "Repositories": [
      {
        "Name": "CRAN",
        "URL": "https://cloud.r-project.org"
      }
    ]
  },
  "Packages": {
    "renv": {
      "Package": "renv",
      "Version": "0.12.5",
      "Source": "Repository",
      "Repository": "CRAN",
      "Hash": "5c0cdb37f063c58cdab3c7e9fbb8bd2c"
    },
    "rprojroot": {
      "Package": "rprojroot",
      "Version": "1.0",
      "Source": "Repository",
      "Repository": "CRAN",
      "Hash": "86704667fe0860e4fec35afdfec137f3"
    }
  }
}
